
Microsoft Visual Studio Solution File, Format Version 12.00
# Visual Studio Version 17
VisualStudioVersion = 17.0.31903.59
MinimumVisualStudioVersion = 10.0.40219.1
Project("{2150E333-8FDC-42A3-9474-1A3956D46DE8}") = "src", "src", "{827E0CD3-B72D-47B6-A68D-7590B98EB39B}"
EndProject
Project("{FAE04EC0-301F-11D3-BF4B-00C04F79EFBC}") = "Goop", "src\Goop\Goop.csproj", "{651A7FEE-0908-4AAD-8EC3-D535F3B5360A}"
EndProject
Project("{2150E333-8FDC-42A3-9474-1A3956D46DE8}") = "tests", "tests", "{0AB3BF05-4346-4AA6-1389-037BE0695223}"
EndProject
Project("{FAE04EC0-301F-11D3-BF4B-00C04F79EFBC}") = "Goop.Tests", "tests\Goop.Tests\Goop.Tests.csproj", "{23C332A0-5AB6-4450-BE0E-C55FDDB8EDB5}"
EndProject
Project("{FAE04EC0-301F-11D3-BF4B-00C04F79EFBC}") = "Goop.PackageTests", "tests\Goop.PackageTests\Goop.PackageTests.csproj", "{8AAA4D57-2E55-426F-B491-401D18B10D87}"
EndProject
Project("{2150E333-8FDC-42A3-9474-1A3956D46DE8}") = "samples", "samples", "{5D20AA90-6969-D8BD-9DCD-8634F4692FDA}"
EndProject
Project("{FAE04EC0-301F-11D3-BF4B-00C04F79EFBC}") = "Goop.Gallery", "samples\Goop.Gallery\Goop.Gallery.csproj", "{8AABB5ED-E8CE-4A9D-BF17-8C915B7D8E9C}"
EndProject
Global
	GlobalSection(SolutionConfigurationPlatforms) = preSolution
		Debug|Any CPU = Debug|Any CPU
		Debug|x64 = Debug|x64
		Debug|x86 = Debug|x86
		Release|Any CPU = Release|Any CPU
		Release|x64 = Release|x64
		Release|x86 = Release|x86
	EndGlobalSection
	GlobalSection(ProjectConfigurationPlatforms) = postSolution
		{651A7FEE-0908-4AAD-8EC3-D535F3B5360A}.Debug|Any CPU.ActiveCfg = Debug|Any CPU
		{651A7FEE-0908-4AAD-8EC3-D535F3B5360A}.Debug|Any CPU.Build.0 = Debug|Any CPU
		{651A7FEE-0908-4AAD-8EC3-D535F3B5360A}.Debug|x64.ActiveCfg = Debug|Any CPU
		{651A7FEE-0908-4AAD-8EC3-D535F3B5360A}.Debug|x64.Build.0 = Debug|Any CPU
		{651A7FEE-0908-4AAD-8EC3-D535F3B5360A}.Debug|x86.ActiveCfg = Debug|Any CPU
		{651A7FEE-0908-4AAD-8EC3-D535F3B5360A}.Debug|x86.Build.0 = Debug|Any CPU
		{651A7FEE-0908-4AAD-8EC3-D535F3B5360A}.Release|Any CPU.ActiveCfg = Release|Any CPU
		{651A7FEE-0908-4AAD-8EC3-D535F3B5360A}.Release|Any CPU.Build.0 = Release|Any CPU
		{651A7FEE-0908-4AAD-8EC3-D535F3B5360A}.Release|x64.ActiveCfg = Release|Any CPU
		{651A7FEE-0908-4AAD-8EC3-D535F3B5360A}.Release|x64.Build.0 = Release|Any CPU
		{651A7FEE-0908-4AAD-8EC3-D535F3B5360A}.Release|x86.ActiveCfg = Release|Any CPU
		{651A7FEE-0908-4AAD-8EC3-D535F3B5360A}.Release|x86.Build.0 = Release|Any CPU
		{23C332A0-5AB6-4450-BE0E-C55FDDB8EDB5}.Debug|Any CPU.ActiveCfg = Debug|Any CPU
		{23C332A0-5AB6-4450-BE0E-C55FDDB8EDB5}.Debug|Any CPU.Build.0 = Debug|Any CPU
		{23C332A0-5AB6-4450-BE0E-C55FDDB8EDB5}.Debug|x64.ActiveCfg = Debug|Any CPU
		{23C332A0-5AB6-4450-BE0E-C55FDDB8EDB5}.Debug|x64.Build.0 = Debug|Any CPU
		{23C332A0-5AB6-4450-BE0E-C55FDDB8EDB5}.Debug|x86.ActiveCfg = Debug|Any CPU
		{23C332A0-5AB6-4450-BE0E-C55FDDB8EDB5}.Debug|x86.Build.0 = Debug|Any CPU
		{23C332A0-5AB6-4450-BE0E-C55FDDB8EDB5}.Release|Any CPU.ActiveCfg = Release|Any CPU
		{23C332A0-5AB6-4450-BE0E-C55FDDB8EDB5}.Release|Any CPU.Build.0 = Release|Any CPU
		{23C332A0-5AB6-4450-BE0E-C55FDDB8EDB5}.Release|x64.ActiveCfg = Release|Any CPU
		{23C332A0-5AB6-4450-BE0E-C55FDDB8EDB5}.Release|x64.Build.0 = Release|Any CPU
		{23C332A0-5AB6-4450-BE0E-C55FDDB8EDB5}.Release|x86.ActiveCfg = Release|Any CPU
		{23C332A0-5AB6-4450-BE0E-C55FDDB8EDB5}.Release|x86.Build.0 = Release|Any CPU
		{8AAA4D57-2E55-426F-B491-401D18B10D87}.Debug|Any CPU.ActiveCfg = Debug|Any CPU
		{8AAA4D57-2E55-426F-B491-401D18B10D87}.Debug|Any CPU.Build.0 = Debug|Any CPU
		{8AAA4D57-2E55-426F-B491-401D18B10D87}.Debug|x64.ActiveCfg = Debug|Any CPU
		{8AAA4D57-2E55-426F-B491-401D18B10D87}.Debug|x64.Build.0 = Debug|Any CPU
		{8AAA4D57-2E55-426F-B491-401D18B10D87}.Debug|x86.ActiveCfg = Debug|Any CPU
		{8AAA4D57-2E55-426F-B491-401D18B10D87}.Debug|x86.Build.0 = Debug|Any CPU
		{8AAA4D57-2E55-426F-B491-401D18B10D87}.Release|Any CPU.ActiveCfg = Release|Any CPU
		{8AAA4D57-2E55-426F-B491-401D18B10D87}.Release|Any CPU.Build.0 = Release|Any CPU
		{8AAA4D57-2E55-426F-B491-401D18B10D87}.Release|x64.ActiveCfg = Release|Any CPU
		{8AAA4D57-2E55-426F-B491-401D18B10D87}.Release|x64.Build.0 = Release|Any CPU
		{8AAA4D57-2E55-426F-B491-401D18B10D87}.Release|x86.ActiveCfg = Release|Any CPU
		{8AAA4D57-2E55-426F-B491-401D18B10D87}.Release|x86.Build.0 = Release|Any CPU
		{8AABB5ED-E8CE-4A9D-BF17-8C915B7D8E9C}.Debug|Any CPU.ActiveCfg = Debug|Any CPU
		{8AABB5ED-E8CE-4A9D-BF17-8C915B7D8E9C}.Debug|Any CPU.Build.0 = Debug|Any CPU
		{8AABB5ED-E8CE-4A9D-BF17-8C915B7D8E9C}.Debug|x64.ActiveCfg = Debug|Any CPU
		{8AABB5ED-E8CE-4A9D-BF17-8C915B7D8E9C}.Debug|x64.Build.0 = Debug|Any CPU
		{8AABB5ED-E8CE-4A9D-BF17-8C915B7D8E9C}.Debug|x86.ActiveCfg = Debug|Any CPU
		{8AABB5ED-E8CE-4A9D-BF17-8C915B7D8E9C}.Debug|x86.Build.0 = Debug|Any CPU
		{8AABB5ED-E8CE-4A9D-BF17-8C915B7D8E9C}.Release|Any CPU.ActiveCfg = Release|Any CPU
		{8AABB5ED-E8CE-4A9D-BF17-8C915B7D8E9C}.Release|Any CPU.Build.0 = Release|Any CPU
		{8AABB5ED-E8CE-4A9D-BF17-8C915B7D8E9C}.Release|x64.ActiveCfg = Release|Any CPU
		{8AABB5ED-E8CE-4A9D-BF17-8C915B7D8E9C}.Release|x64.Build.0 = Release|Any CPU
		{8AABB5ED-E8CE-4A9D-BF17-8C915B7D8E9C}.Release|x86.ActiveCfg = Release|Any CPU
		{8AABB5ED-E8CE-4A9D-BF17-8C915B7D8E9C}.Release|x86.Build.0 = Release|Any CPU
	EndGlobalSection
	GlobalSection(SolutionProperties) = preSolution
		HideSolutionNode = FALSE
	EndGlobalSection
	GlobalSection(NestedProjects) = preSolution
		{651A7FEE-0908-4AAD-8EC3-D535F3B5360A} = {827E0CD3-B72D-47B6-A68D-7590B98EB39B}
		{23C332A0-5AB6-4450-BE0E-C55FDDB8EDB5} = {0AB3BF05-4346-4AA6-1389-037BE0695223}
		{8AAA4D57-2E55-426F-B491-401D18B10D87} = {0AB3BF05-4346-4AA6-1389-037BE0695223}
		{8AABB5ED-E8CE-4A9D-BF17-8C915B7D8E9C} = {5D20AA90-6969-D8BD-9DCD-8634F4692FDA}
	EndGlobalSection
EndGlobal
